// !$*UTF8*$!
{
	archiveVersion = 1;
	classes = {
	};
	objectVersion = 46;
	objects = {

/* Begin PBXGroup section */
		F01F90C61C2405EC003FAD8A = {
			isa = PBXGroup;
			children = (
			);
			sourceTree = "<group>";
		};
/* End PBXGroup section */

/* Begin PBXProject section */
		F01F90C71C2405EC003FAD8A /* Project object */ = {
			isa = PBXProject;
			attributes = {
				LastUpgradeCheck = 0710;
			};
			buildConfigurationList = F01F90CA1C2405EC003FAD8A /* Build configuration list for PBXProject "Ran_first" */;
			compatibilityVersion = "Xcode 3.2";
			developmentRegion = English;
			hasScannedForEncodings = 0;
			knownRegions = (
				en,
			);
			mainGroup = F01F90C61C2405EC003FAD8A;
			projectDirPath = "";
			projectRoot = "";
			targets = (
			);
		};
/* End PBXProject section */

/* Begin XCBuildConfiguration section */
		F01F90CB1C2405EC003FAD8A /* Debug */ = {
			isa = XCBuildConfiguration;
			buildSettings = {
			};
			name = Debug;
		};
		F01F90CC1C2405EC003FAD8A /* Release */ = {
			isa = XCBuildConfiguration;
			buildSettings = {
			};
			name = Release;
		};
/* End XCBuildConfiguration section */

/* Begin XCConfigurationList section */
		F01F90CA1C2405EC003FAD8A /* Build configuration list for PBXProject "Ran_first" */ = {
			isa = XCConfigurationList;
			buildConfigurations = (
				F01F90CB1C2405EC003FAD8A /* Debug */,
				F01F90CC1C2405EC003FAD8A /* Release */,
			);
			defaultConfigurationIsVisible = 0;
			defaultConfigurationName = Release;
		};
/* End XCConfigurationList section */
	};
	rootObject = F01F90C71C2405EC003FAD8A /* Project object */;
}
